
Microsoft Visual Studio Solution File, Format Version 12.00
# Visual Studio 15
VisualStudioVersion = 15.0.27004.2002
MinimumVisualStudioVersion = 10.0.40219.1
Project("{FAE04EC0-301F-11D3-BF4B-00C04F79EFBC}") = "MyMetroWindowThreadThemeTest", "MyMetroWindowThreadThemeTest\MyMetroWindowThreadThemeTest.csproj", "{61625F20-E0AD-4590-94BF-2D1745DABCB8}"
EndProject
Global
	GlobalSection(SolutionConfigurationPlatforms) = preSolution
		Debug|Any CPU = Debug|Any CPU
		Release|Any CPU = Release|Any CPU
	EndGlobalSection
	GlobalSection(ProjectConfigurationPlatforms) = postSolution
		{61625F20-E0AD-4590-94BF-2D1745DABCB8}.Debug|Any CPU.ActiveCfg = Debug|Any CPU
		{61625F20-E0AD-4590-94BF-2D1745DABCB8}.Debug|Any CPU.Build.0 = Debug|Any CPU
		{61625F20-E0AD-4590-94BF-2D1745DABCB8}.Release|Any CPU.ActiveCfg = Release|Any CPU
		{61625F20-E0AD-4590-94BF-2D1745DABCB8}.Release|Any CPU.Build.0 = Release|Any CPU
	EndGlobalSection
	GlobalSection(SolutionProperties) = preSolution
		HideSolutionNode = FALSE
	EndGlobalSection
	GlobalSection(ExtensibilityGlobals) = postSolution
		SolutionGuid = {0377A3B5-DADF-4773-9C15-5176EAD34578}
	EndGlobalSection
EndGlobal
